{
  "name": "firstcall-run-1jpwx85t",
  "lockfileVersion": 3,
  "requires": true,
  "packages": {
    "": {
      "dependencies": {
        "postmark": "^5.1.0"
      }
    },
    "node_modules/postmark": {
      "version": "5.1.0",
      "resolved": "https://registry.npmjs.org/postmark/-/postmark-5.1.0.tgz",
      "integrity": "sha512-8lj2Fu94pL3fzx9Sy599opqpK4Z/0/1xCHZS8tbGBnqSS5rAcXtcHQ+TI0Jc4VwlBWma1Ug0Qm98FEe+v94BIQ==",
      "license": "MIT",
      "engines": {
        "node": ">=18.0.0"
      }
    }
  }
}
